# @generated - this file is auto-generated by `mise lock` https://mise.jdx.dev/dev-tools/mise-lock.html

lockfile_version = 2

[[tools.bun]]
version = "1.3.14"
backend = "core:bun"
specifiers = ["1.3.14"]

[tools.bun."platforms.linux-arm64"]
checksum = "sha256:a27ffb63a8310375836e0d6f668ae17fa8d8d18b88c37c821c65331973a19a3b"
url = "https://github.com/oven-sh/bun/releases/download/bun-v1.3.14/bun-linux-aarch64.zip"

[tools.bun."platforms.linux-arm64-musl"]
checksum = "sha256:b98e0ad3625c5c00d1d5b5ff55605c7adddbfae151861e68ade57b2d3b8703bb"
url = "https://github.com/oven-sh/bun/releases/download/bun-v1.3.14/bun-linux-aarch64-musl.zip"

[tools.bun."platforms.linux-x64"]
checksum = "sha256:951ee2aee855f08595aeec6225226a298d3fea83a3dcd6465c09cbccdf7e848f"
url = "https://github.com/oven-sh/bun/releases/download/bun-v1.3.14/bun-linux-x64.zip"

[tools.bun."platforms.linux-x64-baseline"]
checksum = "sha256:a063908ae08b7852ca10939bbdc6ceed3ddabce8fb9402dce83d65d73b36e6c7"
url = "https://github.com/oven-sh/bun/releases/download/bun-v1.3.14/bun-linux-x64-baseline.zip"

[tools.bun."platforms.linux-x64-musl"]
checksum = "sha256:14bd9aedeebf1dba67e8def9531c89bc989ecfdf1de42e5bfcaf1b8cd9294719"
url = "https://github.com/oven-sh/bun/releases/download/bun-v1.3.14/bun-linux-x64-musl.zip"

[tools.bun."platforms.linux-x64-musl-baseline"]
checksum = "sha256:56a7d6806cf155536c0178f0ea5fbd098e684fa509ebdb4fc0a7e19fb65382dc"
url = "https://github.com/oven-sh/bun/releases/download/bun-v1.3.14/bun-linux-x64-musl-baseline.zip"

[tools.bun."platforms.macos-arm64"]
checksum = "sha256:d8b96221828ad6f97ac7ac0ab7e95872341af763001e8803e8267652c2652620"
url = "https://github.com/oven-sh/bun/releases/download/bun-v1.3.14/bun-darwin-aarch64.zip"

[tools.bun."platforms.macos-x64"]
checksum = "sha256:4183df3374623e5bab315c547cfa0974533cd457d86b73b639f7a87974cd6633"
url = "https://github.com/oven-sh/bun/releases/download/bun-v1.3.14/bun-darwin-x64.zip"

[tools.bun."platforms.macos-x64-baseline"]
checksum = "sha256:3e35ad6f53971a9834bf9e6786e2adf72b5f1921cc9a9c5fde073d2972944076"
url = "https://github.com/oven-sh/bun/releases/download/bun-v1.3.14/bun-darwin-x64-baseline.zip"

[tools.bun."platforms.windows-x64"]
checksum = "sha256:0a0620930b6675d7ba440e81f4e0e00d3cfbe096c4b140d3fff02205e9e18922"
url = "https://github.com/oven-sh/bun/releases/download/bun-v1.3.14/bun-windows-x64.zip"

[tools.bun."platforms.windows-x64-baseline"]
checksum = "sha256:538f9c846355d9e847b2671bc00c47da4229a0befb24df3282b739770f3b475f"
url = "https://github.com/oven-sh/bun/releases/download/bun-v1.3.14/bun-windows-x64-baseline.zip"

[[tools.cargo-deny]]
version = "0.20.2"
backend = "aqua:EmbarkStudios/cargo-deny"
specifiers = ["0.20.2"]

[tools.cargo-deny."platforms.linux-arm64"]
checksum = "sha256:995c82be0defc7a025cae49a2aa2644ce8245c9a3318fc4103907c6a285e8c7d"
url = "https://github.com/EmbarkStudios/cargo-deny/releases/download/0.20.2/cargo-deny-0.20.2-aarch64-unknown-linux-musl.tar.gz"
url_api = "https://api.github.com/repos/EmbarkStudios/cargo-deny/releases/assets/471598345"

[tools.cargo-deny."platforms.linux-arm64-musl"]
checksum = "sha256:995c82be0defc7a025cae49a2aa2644ce8245c9a3318fc4103907c6a285e8c7d"
url = "https://github.com/EmbarkStudios/cargo-deny/releases/download/0.20.2/cargo-deny-0.20.2-aarch64-unknown-linux-musl.tar.gz"
url_api = "https://api.github.com/repos/EmbarkStudios/cargo-deny/releases/assets/471598345"

[tools.cargo-deny."platforms.linux-x64"]
checksum = "sha256:9f12ed4c49936e09b48bf862b595cde2fe64fcbd9d74dfacac6131ca824c8d5f"
url = "https://github.com/EmbarkStudios/cargo-deny/releases/download/0.20.2/cargo-deny-0.20.2-x86_64-unknown-linux-musl.tar.gz"
url_api = "https://api.github.com/repos/EmbarkStudios/cargo-deny/releases/assets/471598214"

[tools.cargo-deny."platforms.linux-x64-musl"]
checksum = "sha256:9f12ed4c49936e09b48bf862b595cde2fe64fcbd9d74dfacac6131ca824c8d5f"
url = "https://github.com/EmbarkStudios/cargo-deny/releases/download/0.20.2/cargo-deny-0.20.2-x86_64-unknown-linux-musl.tar.gz"
url_api = "https://api.github.com/repos/EmbarkStudios/cargo-deny/releases/assets/471598214"

[tools.cargo-deny."platforms.macos-arm64"]
checksum = "sha256:fe67d82a10d8597a3549364cb733a3f9cc1bfff9031b7ae46384a9f2a72090c3"
url = "https://github.com/EmbarkStudios/cargo-deny/releases/download/0.20.2/cargo-deny-0.20.2-aarch64-apple-darwin.tar.gz"
url_api = "https://api.github.com/repos/EmbarkStudios/cargo-deny/releases/assets/471597689"

[tools.cargo-deny."platforms.macos-x64"]
checksum = "sha256:248da7f581724e470071990c088ffc55c811981715f4cbdb258621fb79f8b7a6"
url = "https://github.com/EmbarkStudios/cargo-deny/releases/download/0.20.2/cargo-deny-0.20.2-x86_64-apple-darwin.tar.gz"
url_api = "https://api.github.com/repos/EmbarkStudios/cargo-deny/releases/assets/471598357"

[tools.cargo-deny."platforms.windows-x64"]
checksum = "sha256:975a22143262fd27476d19ee00c7af67978426e40e1dee94eed6bbade1cf87dc"
url = "https://github.com/EmbarkStudios/cargo-deny/releases/download/0.20.2/cargo-deny-0.20.2-x86_64-pc-windows-msvc.tar.gz"
url_api = "https://api.github.com/repos/EmbarkStudios/cargo-deny/releases/assets/471599057"

[[tools."cargo:cargo-dylint"]]
version = "6.0.3"
backend = "cargo:cargo-dylint"
specifiers = ["6.0.3"]

[[tools."cargo:cargo-edit"]]
version = "0.13.7"
backend = "cargo:cargo-edit"
specifiers = ["0.13.7"]

[[tools."cargo:dylint-link"]]
version = "6.0.3"
backend = "cargo:dylint-link"
specifiers = ["6.0.3"]

[[tools."github:astral-sh/hawk"]]
version = "0.1.14"
backend = "github:astral-sh/hawk"
specifiers = ["0.1.14"]

[tools."github:astral-sh/hawk"."platforms.linux-arm64"]
checksum = "sha256:2a36ed6244a7b646ada0c7e9bc90cbc1757f17cc4af6675ecb32eec29d7dde23"
url = "https://github.com/astral-sh/hawk/releases/download/0.1.14/cargo-hawk-aarch64-unknown-linux-gnu.tar.gz"
url_api = "https://api.github.com/repos/astral-sh/hawk/releases/assets/544384043"
provenance = "github-attestations"

[tools."github:astral-sh/hawk"."platforms.linux-arm64-musl"]
checksum = "sha256:2a36ed6244a7b646ada0c7e9bc90cbc1757f17cc4af6675ecb32eec29d7dde23"
url = "https://github.com/astral-sh/hawk/releases/download/0.1.14/cargo-hawk-aarch64-unknown-linux-gnu.tar.gz"
url_api = "https://api.github.com/repos/astral-sh/hawk/releases/assets/544384043"
provenance = "github-attestations"

[tools."github:astral-sh/hawk"."platforms.linux-x64"]
checksum = "sha256:6cc8b57e0d91edbdf70388254c73e2dcf7653929d83081e47dc2a6d6c85b0369"
url = "https://github.com/astral-sh/hawk/releases/download/0.1.14/cargo-hawk-x86_64-unknown-linux-gnu.tar.gz"
url_api = "https://api.github.com/repos/astral-sh/hawk/releases/assets/544384072"
provenance = "github-attestations"

[tools."github:astral-sh/hawk"."platforms.linux-x64-musl"]
checksum = "sha256:6cc8b57e0d91edbdf70388254c73e2dcf7653929d83081e47dc2a6d6c85b0369"
url = "https://github.com/astral-sh/hawk/releases/download/0.1.14/cargo-hawk-x86_64-unknown-linux-gnu.tar.gz"
url_api = "https://api.github.com/repos/astral-sh/hawk/releases/assets/544384072"
provenance = "github-attestations"

[tools."github:astral-sh/hawk"."platforms.macos-arm64"]
checksum = "sha256:a1379620245ba56d53bca3727f57b1db959b6085b4a64dc42a56f12367fd64c6"
url = "https://github.com/astral-sh/hawk/releases/download/0.1.14/cargo-hawk-aarch64-apple-darwin.tar.gz"
url_api = "https://api.github.com/repos/astral-sh/hawk/releases/assets/544384048"
provenance = "github-attestations"

[tools."github:astral-sh/hawk"."platforms.macos-x64"]
checksum = "sha256:73483c42cb80b880d3a407201216aa90df8808546f90ab1cdbe5cd678d891cda"
url = "https://github.com/astral-sh/hawk/releases/download/0.1.14/cargo-hawk-x86_64-apple-darwin.tar.gz"
url_api = "https://api.github.com/repos/astral-sh/hawk/releases/assets/544384063"
provenance = "github-attestations"

[[tools.hadolint]]
version = "2.14.0"
backend = "aqua:hadolint/hadolint"
specifiers = ["2.14.0"]

[tools.hadolint."platforms.linux-arm64"]
checksum = "sha256:331f1d3511b84a4f1e3d18d52fec284723e4019552f4f47b19322a53ce9a40ed"
url = "https://github.com/hadolint/hadolint/releases/download/v2.14.0/hadolint-linux-arm64"
url_api = "https://api.github.com/repos/hadolint/hadolint/releases/assets/295944081"

[tools.hadolint."platforms.linux-arm64-musl"]
checksum = "sha256:331f1d3511b84a4f1e3d18d52fec284723e4019552f4f47b19322a53ce9a40ed"
url = "https://github.com/hadolint/hadolint/releases/download/v2.14.0/hadolint-linux-arm64"
url_api = "https://api.github.com/repos/hadolint/hadolint/releases/assets/295944081"

[tools.hadolint."platforms.linux-x64"]
checksum = "sha256:6bf226944684f56c84dd014e8b979d27425c0148f61b3bd99bcc6f39e9dc5a47"
url = "https://github.com/hadolint/hadolint/releases/download/v2.14.0/hadolint-linux-x86_64"
url_api = "https://api.github.com/repos/hadolint/hadolint/releases/assets/295944080"

[tools.hadolint."platforms.linux-x64-musl"]
checksum = "sha256:6bf226944684f56c84dd014e8b979d27425c0148f61b3bd99bcc6f39e9dc5a47"
url = "https://github.com/hadolint/hadolint/releases/download/v2.14.0/hadolint-linux-x86_64"
url_api = "https://api.github.com/repos/hadolint/hadolint/releases/assets/295944080"

[tools.hadolint."platforms.macos-arm64"]
checksum = "sha256:3625e2e9f43dcfe7bd38738a5f5520ed50ce39ed28485266e6803dd7bc197b10"
url = "https://github.com/hadolint/hadolint/releases/download/v2.14.0/hadolint-macos-arm64"
url_api = "https://api.github.com/repos/hadolint/hadolint/releases/assets/295944077"

[tools.hadolint."platforms.macos-x64"]
checksum = "sha256:2b69a853433f1eca522ffb921cd490bd1321424d03331fd8390f93b7fb4a02e9"
url = "https://github.com/hadolint/hadolint/releases/download/v2.14.0/hadolint-macos-x86_64"
url_api = "https://api.github.com/repos/hadolint/hadolint/releases/assets/295944082"

[tools.hadolint."platforms.windows-x64"]
checksum = "sha256:8e0ee174f88edb14f207a68430c7a53c2883ed509cdbde9a3a26fffa140fa5e4"
url = "https://github.com/hadolint/hadolint/releases/download/v2.14.0/hadolint-windows-x86_64.exe"
url_api = "https://api.github.com/repos/hadolint/hadolint/releases/assets/295944079"

[[tools.jq]]
version = "1.7.1"
backend = "aqua:jqlang/jq"
specifiers = ["1.7.1"]

[tools.jq."platforms.linux-arm64"]
checksum = "sha256:4dd2d8a0661df0b22f1bb9a1f9830f06b6f3b8f7d91211a1ef5d7c4f06a8b4a5"
url = "https://github.com/jqlang/jq/releases/download/jq-1.7.1/jq-linux-arm64"
url_api = "https://api.github.com/repos/jqlang/jq/releases/assets/140520982"

[tools.jq."platforms.linux-arm64-musl"]
checksum = "sha256:4dd2d8a0661df0b22f1bb9a1f9830f06b6f3b8f7d91211a1ef5d7c4f06a8b4a5"
url = "https://github.com/jqlang/jq/releases/download/jq-1.7.1/jq-linux-arm64"
url_api = "https://api.github.com/repos/jqlang/jq/releases/assets/140520982"

[tools.jq."platforms.linux-x64"]
checksum = "sha256:5942c9b0934e510ee61eb3e30273f1b3fe2590df93933a93d7c58b81d19c8ff5"
url = "https://github.com/jqlang/jq/releases/download/jq-1.7.1/jq-linux-amd64"
url_api = "https://api.github.com/repos/jqlang/jq/releases/assets/140520984"

[tools.jq."platforms.linux-x64-musl"]
checksum = "sha256:5942c9b0934e510ee61eb3e30273f1b3fe2590df93933a93d7c58b81d19c8ff5"
url = "https://github.com/jqlang/jq/releases/download/jq-1.7.1/jq-linux-amd64"
url_api = "https://api.github.com/repos/jqlang/jq/releases/assets/140520984"

[tools.jq."platforms.macos-arm64"]
checksum = "sha256:0bbe619e663e0de2c550be2fe0d240d076799d6f8a652b70fa04aea8a8362e8a"
url = "https://github.com/jqlang/jq/releases/download/jq-1.7.1/jq-macos-arm64"
url_api = "https://api.github.com/repos/jqlang/jq/releases/assets/140521010"

[tools.jq."platforms.macos-x64"]
checksum = "sha256:4155822bbf5ea90f5c79cf254665975eb4274d426d0709770c21774de5407443"
url = "https://github.com/jqlang/jq/releases/download/jq-1.7.1/jq-macos-amd64"
url_api = "https://api.github.com/repos/jqlang/jq/releases/assets/140521009"

[tools.jq."platforms.windows-x64"]
checksum = "sha256:7451fbbf37feffb9bf262bd97c54f0da558c63f0748e64152dd87b0a07b6d6ab"
url = "https://github.com/jqlang/jq/releases/download/jq-1.7.1/jq-windows-amd64.exe"
url_api = "https://api.github.com/repos/jqlang/jq/releases/assets/140521015"

[[tools.just]]
version = "1.42.4"
backend = "aqua:casey/just"
specifiers = ["1.42.4"]

[tools.just."platforms.linux-arm64"]
checksum = "sha256:beb35a4ed1208ffbb0fef26042c65875759a5358b9ee1a7856dec8490dfd4aca"
url = "https://github.com/casey/just/releases/download/1.42.4/just-1.42.4-aarch64-unknown-linux-musl.tar.gz"
url_api = "https://api.github.com/repos/casey/just/releases/assets/276111941"

[tools.just."platforms.linux-arm64-musl"]
checksum = "sha256:beb35a4ed1208ffbb0fef26042c65875759a5358b9ee1a7856dec8490dfd4aca"
url = "https://github.com/casey/just/releases/download/1.42.4/just-1.42.4-aarch64-unknown-linux-musl.tar.gz"
url_api = "https://api.github.com/repos/casey/just/releases/assets/276111941"

[tools.just."platforms.linux-x64"]
checksum = "sha256:678efc1cfbd5fa5a88375daa7e2f3864a049d6d63a0296df925a2ae5f516cb56"
url = "https://github.com/casey/just/releases/download/1.42.4/just-1.42.4-x86_64-unknown-linux-musl.tar.gz"
url_api = "https://api.github.com/repos/casey/just/releases/assets/276111021"

[tools.just."platforms.linux-x64-musl"]
checksum = "sha256:678efc1cfbd5fa5a88375daa7e2f3864a049d6d63a0296df925a2ae5f516cb56"
url = "https://github.com/casey/just/releases/download/1.42.4/just-1.42.4-x86_64-unknown-linux-musl.tar.gz"
url_api = "https://api.github.com/repos/casey/just/releases/assets/276111021"

[tools.just."platforms.macos-arm64"]
checksum = "sha256:9bea24da39a54f1517ebc8d050789e9631eaf9bcec76a94866a9955a3a1a663f"
url = "https://github.com/casey/just/releases/download/1.42.4/just-1.42.4-aarch64-apple-darwin.tar.gz"
url_api = "https://api.github.com/repos/casey/just/releases/assets/276110831"

[tools.just."platforms.macos-x64"]
checksum = "sha256:ec8781b4341552877a432a922818f1656bcee6ec51155dbbdba490d9bd8f8dd2"
url = "https://github.com/casey/just/releases/download/1.42.4/just-1.42.4-x86_64-apple-darwin.tar.gz"
url_api = "https://api.github.com/repos/casey/just/releases/assets/276110842"

[tools.just."platforms.windows-x64"]
checksum = "sha256:238cb448eb2ced3f7ac2f32872cf08244179b10b2d3f67e9069087ccbdc3d7f6"
url = "https://github.com/casey/just/releases/download/1.42.4/just-1.42.4-x86_64-pc-windows-msvc.zip"
url_api = "https://api.github.com/repos/casey/just/releases/assets/276111982"

[[tools.mold]]
version = "2.40.4"
backend = "aqua:rui314/mold"
specifiers = ["2.40.4"]

[tools.mold."platforms.linux-arm64"]
checksum = "sha256:c799b9ccae8728793da2186718fbe53b76400a9da396184fac0c64aa3298ec37"
url = "https://github.com/rui314/mold/releases/download/v2.40.4/mold-2.40.4-aarch64-linux.tar.gz"
url_api = "https://api.github.com/repos/rui314/mold/releases/assets/283315913"

[tools.mold."platforms.linux-arm64-musl"]
checksum = "sha256:c799b9ccae8728793da2186718fbe53b76400a9da396184fac0c64aa3298ec37"
url = "https://github.com/rui314/mold/releases/download/v2.40.4/mold-2.40.4-aarch64-linux.tar.gz"
url_api = "https://api.github.com/repos/rui314/mold/releases/assets/283315913"

[tools.mold."platforms.linux-x64"]
checksum = "sha256:4c999e19ffa31afa5aa429c679b665d5e2ca5a6b6832ad4b79668e8dcf3d8ec1"
url = "https://github.com/rui314/mold/releases/download/v2.40.4/mold-2.40.4-x86_64-linux.tar.gz"
url_api = "https://api.github.com/repos/rui314/mold/releases/assets/283315923"

[tools.mold."platforms.linux-x64-musl"]
checksum = "sha256:4c999e19ffa31afa5aa429c679b665d5e2ca5a6b6832ad4b79668e8dcf3d8ec1"
url = "https://github.com/rui314/mold/releases/download/v2.40.4/mold-2.40.4-x86_64-linux.tar.gz"
url_api = "https://api.github.com/repos/rui314/mold/releases/assets/283315923"

[tools.mold."platforms.windows-x64"]
checksum = "sha256:ed8c0a07424d29859c9655924ef208ace19592b813d65923f9faffb80a9ed744"
url = "https://github.com/rui314/mold/releases/download/v2.40.4/mold-2.40.4-x86_64-windows.zip"
url_api = "https://api.github.com/repos/rui314/mold/releases/assets/283315924"

[[tools.node]]
version = "24.16.0"
backend = "core:node"
specifiers = ["24.16.0"]

[tools.node."platforms.linux-arm64"]
checksum = "sha256:589f5b6dd4fcfee4dfda73013903c966abaa8abd93dbc9d436544e472b4f0e74"
url = "https://nodejs.org/dist/v24.16.0/node-v24.16.0-linux-arm64.tar.gz"

[tools.node."platforms.linux-arm64-musl"]
checksum = "sha256:85dde27aa73503b03dadfa0410a800067b4e3f702fb7fcaa3beaf284dfcc69e9"
url = "https://unofficial-builds.nodejs.org/download/release/v24.16.0/node-v24.16.0-linux-arm64-musl.tar.gz"

[tools.node."platforms.linux-x64"]
checksum = "sha256:2faf6a387e9b62b888e21c54f01249fb27537ffecf1842f29f4c919d0a59a0ff"
url = "https://nodejs.org/dist/v24.16.0/node-v24.16.0-linux-x64.tar.gz"

[tools.node."platforms.linux-x64-musl"]
checksum = "sha256:50df5d8d474892d4f7b906167df36f77f5b93908f63dc532dc568219cab65841"
url = "https://unofficial-builds.nodejs.org/download/release/v24.16.0/node-v24.16.0-linux-x64-musl.tar.gz"

[tools.node."platforms.macos-arm64"]
checksum = "sha256:39189dab4eeb15706c424af0ac08a3044c9e48f7db12a7d77f6b7aafc7dd5df6"
url = "https://nodejs.org/dist/v24.16.0/node-v24.16.0-darwin-arm64.tar.gz"

[tools.node."platforms.macos-x64"]
checksum = "sha256:298b4c7b3cb80765c8703e42b90324a4ece3b6634947b89e769c3c980ab55185"
url = "https://nodejs.org/dist/v24.16.0/node-v24.16.0-darwin-x64.tar.gz"

[tools.node."platforms.windows-x64"]
checksum = "sha256:edaca9bd58ec8e92037dac4e877d52f6b8f430b81c18b57e264b4e2fb111cd56"
url = "https://nodejs.org/dist/v24.16.0/node-v24.16.0-win-x64.zip"

[[tools.ripgrep]]
version = "14.1.1"
backend = "aqua:BurntSushi/ripgrep"
specifiers = ["14.1.1"]

[tools.ripgrep."platforms.linux-arm64"]
checksum = "sha256:c827481c4ff4ea10c9dc7a4022c8de5db34a5737cb74484d62eb94a95841ab2f"
url = "https://github.com/BurntSushi/ripgrep/releases/download/14.1.1/ripgrep-14.1.1-aarch64-unknown-linux-gnu.tar.gz"
url_api = "https://api.github.com/repos/BurntSushi/ripgrep/releases/assets/191354198"

[tools.ripgrep."platforms.linux-x64"]
checksum = "sha256:4cf9f2741e6c465ffdb7c26f38056a59e2a2544b51f7cc128ef28337eeae4d8e"
url = "https://github.com/BurntSushi/ripgrep/releases/download/14.1.1/ripgrep-14.1.1-x86_64-unknown-linux-musl.tar.gz"
url_api = "https://api.github.com/repos/BurntSushi/ripgrep/releases/assets/191354314"

[tools.ripgrep."platforms.linux-x64-musl"]
checksum = "sha256:4cf9f2741e6c465ffdb7c26f38056a59e2a2544b51f7cc128ef28337eeae4d8e"
url = "https://github.com/BurntSushi/ripgrep/releases/download/14.1.1/ripgrep-14.1.1-x86_64-unknown-linux-musl.tar.gz"
url_api = "https://api.github.com/repos/BurntSushi/ripgrep/releases/assets/191354314"

[tools.ripgrep."platforms.macos-arm64"]
checksum = "sha256:24ad76777745fbff131c8fbc466742b011f925bfa4fffa2ded6def23b5b937be"
url = "https://github.com/BurntSushi/ripgrep/releases/download/14.1.1/ripgrep-14.1.1-aarch64-apple-darwin.tar.gz"
url_api = "https://api.github.com/repos/BurntSushi/ripgrep/releases/assets/191355384"

[tools.ripgrep."platforms.macos-x64"]
checksum = "sha256:fc87e78f7cb3fea12d69072e7ef3b21509754717b746368fd40d88963630e2b3"
url = "https://github.com/BurntSushi/ripgrep/releases/download/14.1.1/ripgrep-14.1.1-x86_64-apple-darwin.tar.gz"
url_api = "https://api.github.com/repos/BurntSushi/ripgrep/releases/assets/191353907"

[tools.ripgrep."platforms.windows-x64"]
url = "https://github.com/BurntSushi/ripgrep/releases/download/14.1.1/ripgrep-14.1.1-x86_64-pc-windows-msvc.zip"
url_api = "https://api.github.com/repos/BurntSushi/ripgrep/releases/assets/191354245"

[[tools.shellcheck]]
version = "0.11.0"
backend = "aqua:koalaman/shellcheck"
specifiers = ["0.11.0"]

[tools.shellcheck."platforms.linux-arm64"]
checksum = "sha256:12b331c1d2db6b9eb13cfca64306b1b157a86eb69db83023e261eaa7e7c14588"
url = "https://github.com/koalaman/shellcheck/releases/download/v0.11.0/shellcheck-v0.11.0.linux.aarch64.tar.xz"
url_api = "https://api.github.com/repos/koalaman/shellcheck/releases/assets/279056934"

[tools.shellcheck."platforms.linux-arm64-musl"]
checksum = "sha256:12b331c1d2db6b9eb13cfca64306b1b157a86eb69db83023e261eaa7e7c14588"
url = "https://github.com/koalaman/shellcheck/releases/download/v0.11.0/shellcheck-v0.11.0.linux.aarch64.tar.xz"
url_api = "https://api.github.com/repos/koalaman/shellcheck/releases/assets/279056934"

[tools.shellcheck."platforms.linux-x64"]
checksum = "sha256:8c3be12b05d5c177a04c29e3c78ce89ac86f1595681cab149b65b97c4e227198"
url = "https://github.com/koalaman/shellcheck/releases/download/v0.11.0/shellcheck-v0.11.0.linux.x86_64.tar.xz"
url_api = "https://api.github.com/repos/koalaman/shellcheck/releases/assets/279056942"

[tools.shellcheck."platforms.linux-x64-musl"]
checksum = "sha256:8c3be12b05d5c177a04c29e3c78ce89ac86f1595681cab149b65b97c4e227198"
url = "https://github.com/koalaman/shellcheck/releases/download/v0.11.0/shellcheck-v0.11.0.linux.x86_64.tar.xz"
url_api = "https://api.github.com/repos/koalaman/shellcheck/releases/assets/279056942"

[tools.shellcheck."platforms.macos-arm64"]
checksum = "sha256:56affdd8de5527894dca6dc3d7e0a99a873b0f004d7aabc30ae407d3f48b0a79"
url = "https://github.com/koalaman/shellcheck/releases/download/v0.11.0/shellcheck-v0.11.0.darwin.aarch64.tar.xz"
url_api = "https://api.github.com/repos/koalaman/shellcheck/releases/assets/279056932"

[tools.shellcheck."platforms.macos-x64"]
checksum = "sha256:3c89db4edcab7cf1c27bff178882e0f6f27f7afdf54e859fa041fca10febe4c6"
url = "https://github.com/koalaman/shellcheck/releases/download/v0.11.0/shellcheck-v0.11.0.darwin.x86_64.tar.xz"
url_api = "https://api.github.com/repos/koalaman/shellcheck/releases/assets/279056930"

[tools.shellcheck."platforms.windows-x64"]
checksum = "sha256:8a4e35ab0b331c85d73567b12f2a444df187f483e5079ceffa6bda1faa2e740e"
url = "https://github.com/koalaman/shellcheck/releases/download/v0.11.0/shellcheck-v0.11.0.zip"
url_api = "https://api.github.com/repos/koalaman/shellcheck/releases/assets/279056944"

[[tools.shfmt]]
version = "3.12.0"
backend = "aqua:mvdan/sh"
specifiers = ["3.12.0"]

[tools.shfmt."platforms.linux-arm64"]
checksum = "sha256:5f3fe3fa6a9f766e6a182ba79a94bef8afedafc57db0b1ad32b0f67fae971ba4"
url = "https://github.com/mvdan/sh/releases/download/v3.12.0/shfmt_v3.12.0_linux_arm64"
url_api = "https://api.github.com/repos/mvdan/sh/releases/assets/270490141"

[tools.shfmt."platforms.linux-arm64-musl"]
checksum = "sha256:5f3fe3fa6a9f766e6a182ba79a94bef8afedafc57db0b1ad32b0f67fae971ba4"
url = "https://github.com/mvdan/sh/releases/download/v3.12.0/shfmt_v3.12.0_linux_arm64"
url_api = "https://api.github.com/repos/mvdan/sh/releases/assets/270490141"

[tools.shfmt."platforms.linux-x64"]
checksum = "sha256:d9fbb2a9c33d13f47e7618cf362a914d029d02a6df124064fff04fd688a745ea"
url = "https://github.com/mvdan/sh/releases/download/v3.12.0/shfmt_v3.12.0_linux_amd64"
url_api = "https://api.github.com/repos/mvdan/sh/releases/assets/270490140"

[tools.shfmt."platforms.linux-x64-musl"]
checksum = "sha256:d9fbb2a9c33d13f47e7618cf362a914d029d02a6df124064fff04fd688a745ea"
url = "https://github.com/mvdan/sh/releases/download/v3.12.0/shfmt_v3.12.0_linux_amd64"
url_api = "https://api.github.com/repos/mvdan/sh/releases/assets/270490140"

[tools.shfmt."platforms.macos-arm64"]
checksum = "sha256:d903802e0ce3ecbc82b98512f55ba370b0d37a93f3f78de394f5b657052b33dd"
url = "https://github.com/mvdan/sh/releases/download/v3.12.0/shfmt_v3.12.0_darwin_arm64"
url_api = "https://api.github.com/repos/mvdan/sh/releases/assets/270490132"

[tools.shfmt."platforms.macos-x64"]
checksum = "sha256:c31548693de6584e6164b7ed5fbb7b4a083f2d937ca94b4e0ddf59aa461a85e4"
url = "https://github.com/mvdan/sh/releases/download/v3.12.0/shfmt_v3.12.0_darwin_amd64"
url_api = "https://api.github.com/repos/mvdan/sh/releases/assets/270490139"

[tools.shfmt."platforms.windows-x64"]
checksum = "sha256:c8bda517ba1c640ce4a715c0fa665439ddbe4357ba5e9b77b0e51e70e2b9c94b"
url = "https://github.com/mvdan/sh/releases/download/v3.12.0/shfmt_v3.12.0_windows_amd64.exe"
url_api = "https://api.github.com/repos/mvdan/sh/releases/assets/270490128"

[[tools.taplo]]
version = "0.10.0"
backend = "aqua:tamasfe/taplo"
specifiers = ["0.10.0"]

[tools.taplo."platforms.linux-arm64"]
url = "https://github.com/tamasfe/taplo/releases/download/0.10.0/taplo-linux-aarch64.gz"
url_api = "https://api.github.com/repos/tamasfe/taplo/releases/assets/257322597"

[tools.taplo."platforms.linux-arm64-musl"]
url = "https://github.com/tamasfe/taplo/releases/download/0.10.0/taplo-linux-aarch64.gz"
url_api = "https://api.github.com/repos/tamasfe/taplo/releases/assets/257322597"

[tools.taplo."platforms.linux-x64"]
checksum = "blake3:4871fab0e60275a1eb46e7190726e144f56c9a9527f59b0d1da5a042baead8e2"
url = "https://github.com/tamasfe/taplo/releases/download/0.10.0/taplo-linux-x86_64.gz"
url_api = "https://api.github.com/repos/tamasfe/taplo/releases/assets/257322600"

[tools.taplo."platforms.linux-x64-musl"]
url = "https://github.com/tamasfe/taplo/releases/download/0.10.0/taplo-linux-x86_64.gz"
url_api = "https://api.github.com/repos/tamasfe/taplo/releases/assets/257322600"

[tools.taplo."platforms.macos-arm64"]
url = "https://github.com/tamasfe/taplo/releases/download/0.10.0/taplo-darwin-aarch64.gz"
url_api = "https://api.github.com/repos/tamasfe/taplo/releases/assets/257323110"

[tools.taplo."platforms.macos-x64"]
url = "https://github.com/tamasfe/taplo/releases/download/0.10.0/taplo-darwin-x86_64.gz"
url_api = "https://api.github.com/repos/tamasfe/taplo/releases/assets/257323116"

[tools.taplo."platforms.windows-x64"]
url = "https://github.com/tamasfe/taplo/releases/download/0.10.0/taplo-windows-x86_64.zip"
url_api = "https://api.github.com/repos/tamasfe/taplo/releases/assets/257323062"

[[tools."ubi:nextest-rs/nextest"]]
version = "cargo-nextest-0.9.67"
backend = "ubi:nextest-rs/nextest"
specifiers = ["cargo-nextest-0.9.67"]

[tools."ubi:nextest-rs/nextest".options]
exe = "cargo-nextest"

[tools."ubi:nextest-rs/nextest"."platforms.linux-x64-cargo-nextest-cargo-nextest"]
checksum = "blake3:bca72ba0845c968b35508ee136f2f98a8403a5161c379d79a81e11727caf4968"

[[tools.watchexec]]
version = "2.3.2"
backend = "aqua:watchexec/watchexec"
specifiers = ["2.3.2"]

[tools.watchexec."platforms.linux-arm64"]
checksum = "sha512:ddbd811740b3ce144b5c7cef1ef817bd497631466c4df48aafd473ec24b10ff85d8f31c2d4a4825ac10165bfa529df806ee3f53519493ae9c62fcbe44a316bfc"
url = "https://github.com/watchexec/watchexec/releases/download/v2.3.2/watchexec-2.3.2-aarch64-unknown-linux-gnu.tar.xz"
url_api = "https://api.github.com/repos/watchexec/watchexec/releases/assets/255727164"

[tools.watchexec."platforms.linux-arm64-musl"]
checksum = "sha512:12fcd03c6fa978a5a1ca055ecbc7bd5d15f3be399c806c65006dbb23df784b76ff6465a2263b14c1055c89994d286f541c05ac3400420ed91befdbd51c686de3"
url = "https://github.com/watchexec/watchexec/releases/download/v2.3.2/watchexec-2.3.2-aarch64-unknown-linux-musl.tar.xz"
url_api = "https://api.github.com/repos/watchexec/watchexec/releases/assets/255727163"

[tools.watchexec."platforms.linux-x64"]
checksum = "sha512:ec2dadefbbfad9ba738a6f27ead78214e90db4d5bbf7eb2f4d8dac3cf18f468f900fe51d4ba107b3f2c0733c412c28e8c977f158968515c8b7f03f3c8391982a"
url = "https://github.com/watchexec/watchexec/releases/download/v2.3.2/watchexec-2.3.2-x86_64-unknown-linux-gnu.tar.xz"
url_api = "https://api.github.com/repos/watchexec/watchexec/releases/assets/255727162"

[tools.watchexec."platforms.linux-x64-musl"]
checksum = "sha512:cc160b0a66903d55a4afe66c948a619f3149795aa8a40699ecec76164b8cc76fdf9a608caa5bad161f1a6c2d9353cf4e2f804e429020663c34b5aaabfb07fa90"
url = "https://github.com/watchexec/watchexec/releases/download/v2.3.2/watchexec-2.3.2-x86_64-unknown-linux-musl.tar.xz"
url_api = "https://api.github.com/repos/watchexec/watchexec/releases/assets/255727151"

[tools.watchexec."platforms.macos-arm64"]
checksum = "sha512:88ea43af48597f7dbfceb1783e131d53aabe920c2b253a1538cc4efeee686f01c1282821ddca5dd56cb490fc7105e4e1be2d55e523f873a980b9a19ea157d523"
url = "https://github.com/watchexec/watchexec/releases/download/v2.3.2/watchexec-2.3.2-aarch64-apple-darwin.tar.xz"
url_api = "https://api.github.com/repos/watchexec/watchexec/releases/assets/255727158"

[tools.watchexec."platforms.macos-x64"]
checksum = "sha512:80899b26b9a8cf0fd751368d38ba33e79e2fddddf0208e73ddc207f5a199466667113a62d495359e366b0ae90e3e7733cb238ad0450d5ac4653f281cb377b21d"
url = "https://github.com/watchexec/watchexec/releases/download/v2.3.2/watchexec-2.3.2-x86_64-apple-darwin.tar.xz"
url_api = "https://api.github.com/repos/watchexec/watchexec/releases/assets/255727155"

[tools.watchexec."platforms.windows-x64"]
checksum = "sha512:427b96192a49614ef4a70c298ad3f0ba601578f35352823cbeb62519823fcd40b4734d6651163c6cf9b34e481fbb53305ceb20795dc27b4062c51340a5c79351"
url = "https://github.com/watchexec/watchexec/releases/download/v2.3.2/watchexec-2.3.2-x86_64-pc-windows-msvc.zip"
url_api = "https://api.github.com/repos/watchexec/watchexec/releases/assets/255727187"

[[tools.yq]]
version = "4.48.1"
backend = "aqua:mikefarah/yq"
specifiers = ["4.48.1"]

[tools.yq."platforms.linux-arm64"]
checksum = "sha256:0e46b5b926a9e57c526fa2bd8f8e38b7e17fbf6e2403ff1741f3b268e3363a9e"
url = "https://github.com/mikefarah/yq/releases/download/v4.48.1/yq_linux_arm64"
url_api = "https://api.github.com/repos/mikefarah/yq/releases/assets/303270688"

[tools.yq."platforms.linux-arm64-musl"]
checksum = "sha256:0e46b5b926a9e57c526fa2bd8f8e38b7e17fbf6e2403ff1741f3b268e3363a9e"
url = "https://github.com/mikefarah/yq/releases/download/v4.48.1/yq_linux_arm64"
url_api = "https://api.github.com/repos/mikefarah/yq/releases/assets/303270688"

[tools.yq."platforms.linux-x64"]
checksum = "sha256:99df6047f5b577a9d25f969f7c3823ada3488de2e2115b30a0abb10d9324fd9f"
url = "https://github.com/mikefarah/yq/releases/download/v4.48.1/yq_linux_amd64"
url_api = "https://api.github.com/repos/mikefarah/yq/releases/assets/303270684"

[tools.yq."platforms.linux-x64-musl"]
checksum = "sha256:99df6047f5b577a9d25f969f7c3823ada3488de2e2115b30a0abb10d9324fd9f"
url = "https://github.com/mikefarah/yq/releases/download/v4.48.1/yq_linux_amd64"
url_api = "https://api.github.com/repos/mikefarah/yq/releases/assets/303270684"

[tools.yq."platforms.macos-arm64"]
checksum = "sha256:05e19db817704d945f28f73763cc2b3c5142ef114a991f57b83bd034c2b86646"
url = "https://github.com/mikefarah/yq/releases/download/v4.48.1/yq_darwin_arm64"
url_api = "https://api.github.com/repos/mikefarah/yq/releases/assets/303270716"

[tools.yq."platforms.macos-x64"]
checksum = "sha256:c93d5e5880c78e22aec4efc1d719751b60f9adc49b2735a8009916581b8457c2"
url = "https://github.com/mikefarah/yq/releases/download/v4.48.1/yq_darwin_amd64"
url_api = "https://api.github.com/repos/mikefarah/yq/releases/assets/303270670"

[tools.yq."platforms.windows-x64"]
checksum = "sha256:38ae580c6fc7f733cdbade2e32525107468cba7bbdfdb59fe49561d088ffc117"
url = "https://github.com/mikefarah/yq/releases/download/v4.48.1/yq_windows_amd64.exe"
url_api = "https://api.github.com/repos/mikefarah/yq/releases/assets/303270704"
