# @generated - this file is auto-generated by `mise lock` https://mise.jdx.dev/dev-tools/mise-lock.html

lockfile_version = 1

[[tools.actionlint]]
version = "1.7.12"
backend = "aqua:rhysd/actionlint"
specifiers = ["1.7.12"]

[tools.actionlint."platforms.linux-arm64"]
checksum = "sha256:325e971b6ba9bfa504672e29be93c24981eeb1c07576d730e9f7c8805afff0c6"
url = "https://github.com/rhysd/actionlint/releases/download/v1.7.12/actionlint_1.7.12_linux_arm64.tar.gz"
url_api = "https://api.github.com/repos/rhysd/actionlint/releases/assets/384924897"
provenance = "github-attestations"

[tools.actionlint."platforms.linux-x64"]
checksum = "sha256:8aca8db96f1b94770f1b0d72b6dddcb1ebb8123cb3712530b08cc387b349a3d8"
url = "https://github.com/rhysd/actionlint/releases/download/v1.7.12/actionlint_1.7.12_linux_amd64.tar.gz"
url_api = "https://api.github.com/repos/rhysd/actionlint/releases/assets/384924896"
provenance = "github-attestations"

[tools.actionlint."platforms.macos-arm64"]
checksum = "sha256:aba9ced2dee8d27fecca3dc7feb1a7f9a52caefa1eb46f3271ea66b6e0e6953f"
url = "https://github.com/rhysd/actionlint/releases/download/v1.7.12/actionlint_1.7.12_darwin_arm64.tar.gz"
url_api = "https://api.github.com/repos/rhysd/actionlint/releases/assets/384924893"
provenance = "github-attestations"

[tools.actionlint."platforms.macos-x64"]
checksum = "sha256:5b44c3bc2255115c9b69e30efc0fecdf498fdb63c5d58e17084fd5f16324c644"
url = "https://github.com/rhysd/actionlint/releases/download/v1.7.12/actionlint_1.7.12_darwin_amd64.tar.gz"
url_api = "https://api.github.com/repos/rhysd/actionlint/releases/assets/384924880"
provenance = "github-attestations"

[[tools."aqua:EmbarkStudios/cargo-deny"]]
version = "0.20.2"
backend = "aqua:EmbarkStudios/cargo-deny"
specifiers = ["0.20.2"]

[tools."aqua:EmbarkStudios/cargo-deny"."platforms.linux-arm64"]
checksum = "sha256:995c82be0defc7a025cae49a2aa2644ce8245c9a3318fc4103907c6a285e8c7d"
url = "https://github.com/EmbarkStudios/cargo-deny/releases/download/0.20.2/cargo-deny-0.20.2-aarch64-unknown-linux-musl.tar.gz"
url_api = "https://api.github.com/repos/EmbarkStudios/cargo-deny/releases/assets/471598345"

[tools."aqua:EmbarkStudios/cargo-deny"."platforms.linux-x64"]
checksum = "sha256:9f12ed4c49936e09b48bf862b595cde2fe64fcbd9d74dfacac6131ca824c8d5f"
url = "https://github.com/EmbarkStudios/cargo-deny/releases/download/0.20.2/cargo-deny-0.20.2-x86_64-unknown-linux-musl.tar.gz"
url_api = "https://api.github.com/repos/EmbarkStudios/cargo-deny/releases/assets/471598214"

[tools."aqua:EmbarkStudios/cargo-deny"."platforms.macos-arm64"]
checksum = "sha256:fe67d82a10d8597a3549364cb733a3f9cc1bfff9031b7ae46384a9f2a72090c3"
url = "https://github.com/EmbarkStudios/cargo-deny/releases/download/0.20.2/cargo-deny-0.20.2-aarch64-apple-darwin.tar.gz"
url_api = "https://api.github.com/repos/EmbarkStudios/cargo-deny/releases/assets/471597689"

[tools."aqua:EmbarkStudios/cargo-deny"."platforms.macos-x64"]
checksum = "sha256:248da7f581724e470071990c088ffc55c811981715f4cbdb258621fb79f8b7a6"
url = "https://github.com/EmbarkStudios/cargo-deny/releases/download/0.20.2/cargo-deny-0.20.2-x86_64-apple-darwin.tar.gz"
url_api = "https://api.github.com/repos/EmbarkStudios/cargo-deny/releases/assets/471598357"

[[tools."aqua:nextest-rs/nextest/cargo-nextest"]]
version = "0.9.145"
backend = "aqua:nextest-rs/nextest/cargo-nextest"
specifiers = ["0.9.145"]

[tools."aqua:nextest-rs/nextest/cargo-nextest"."platforms.linux-arm64"]
checksum = "sha256:0ad2815fd91a7ecec3a7e25c749b584f66729ac688fd26b2fd494f7ff94b7fd0"
url = "https://github.com/nextest-rs/nextest/releases/download/cargo-nextest-0.9.145/cargo-nextest-0.9.145-aarch64-unknown-linux-gnu.tar.gz"
url_api = "https://api.github.com/repos/nextest-rs/nextest/releases/assets/568837128"

[tools."aqua:nextest-rs/nextest/cargo-nextest"."platforms.linux-x64"]
checksum = "sha256:32aa82416099eb12fffae9cf1a279ad201fecbd3f74826c613e32e9006b29867"
url = "https://github.com/nextest-rs/nextest/releases/download/cargo-nextest-0.9.145/cargo-nextest-0.9.145-x86_64-unknown-linux-gnu.tar.gz"
url_api = "https://api.github.com/repos/nextest-rs/nextest/releases/assets/568838794"

[tools."aqua:nextest-rs/nextest/cargo-nextest"."platforms.macos-arm64"]
checksum = "sha256:52ecaedb4f5af9267ef7ed02bc937d2a15a94ff96cb663080e81311f798c9905"
url = "https://github.com/nextest-rs/nextest/releases/download/cargo-nextest-0.9.145/cargo-nextest-0.9.145-universal-apple-darwin.tar.gz"
url_api = "https://api.github.com/repos/nextest-rs/nextest/releases/assets/568848732"

[tools."aqua:nextest-rs/nextest/cargo-nextest"."platforms.macos-x64"]
checksum = "sha256:52ecaedb4f5af9267ef7ed02bc937d2a15a94ff96cb663080e81311f798c9905"
url = "https://github.com/nextest-rs/nextest/releases/download/cargo-nextest-0.9.145/cargo-nextest-0.9.145-universal-apple-darwin.tar.gz"
url_api = "https://api.github.com/repos/nextest-rs/nextest/releases/assets/568848732"

[[tools."aqua:taiki-e/cargo-llvm-cov"]]
version = "0.9.1"
backend = "aqua:taiki-e/cargo-llvm-cov"
specifiers = ["0.9.1"]

[tools."aqua:taiki-e/cargo-llvm-cov"."platforms.linux-arm64"]
checksum = "sha256:abf5f13c1520f8756d2192bfaaeadb0208f5b7eaa8cadc15bf847befa42b7360"
url = "https://github.com/taiki-e/cargo-llvm-cov/releases/download/v0.9.1/cargo-llvm-cov-aarch64-unknown-linux-gnu.tar.gz"
url_api = "https://api.github.com/repos/taiki-e/cargo-llvm-cov/releases/assets/547403281"
provenance = "github-attestations"

[tools."aqua:taiki-e/cargo-llvm-cov"."platforms.linux-x64"]
checksum = "sha256:b3f68e625481fed9b16444174f3fa5ebcdbde4a1878803a35eabe2dcefcdc41a"
url = "https://github.com/taiki-e/cargo-llvm-cov/releases/download/v0.9.1/cargo-llvm-cov-x86_64-unknown-linux-gnu.tar.gz"
url_api = "https://api.github.com/repos/taiki-e/cargo-llvm-cov/releases/assets/547403171"
provenance = "github-attestations"

[tools."aqua:taiki-e/cargo-llvm-cov"."platforms.macos-arm64"]
checksum = "sha256:7e821a6c90c0884f79f759f5d9be50799ade67bb82515186d922f26032ef43b8"
url = "https://github.com/taiki-e/cargo-llvm-cov/releases/download/v0.9.1/cargo-llvm-cov-aarch64-apple-darwin.tar.gz"
url_api = "https://api.github.com/repos/taiki-e/cargo-llvm-cov/releases/assets/547403359"
provenance = "github-attestations"

[tools."aqua:taiki-e/cargo-llvm-cov"."platforms.macos-x64"]
checksum = "sha256:ddf949b82a63017441ea76aa068bdd7e2dde8055f47cd3ef736fdbbd633bc33e"
url = "https://github.com/taiki-e/cargo-llvm-cov/releases/download/v0.9.1/cargo-llvm-cov-x86_64-apple-darwin.tar.gz"
url_api = "https://api.github.com/repos/taiki-e/cargo-llvm-cov/releases/assets/547403156"
provenance = "github-attestations"

[[tools.bun]]
version = "1.4.2"
backend = "core:bun"
specifiers = ["1.4.2"]

[tools.bun."platforms.linux-arm64"]
checksum = "sha256:54328bbc2d9c8e0c9f892c544d66c57a83b84139e34909e5ee81758f1ac8fda7"
url = "https://github.com/oven-sh/bun/releases/download/bun-v1.4.2/bun-linux-aarch64.zip"

[tools.bun."platforms.linux-arm64-musl"]
checksum = "sha256:71760b6c8ea30623b81a4907cb815d48e2ea266f2e73e751534a44a0607950df"
url = "https://github.com/oven-sh/bun/releases/download/bun-v1.4.2/bun-linux-aarch64-musl.zip"

[tools.bun."platforms.linux-x64"]
checksum = "sha256:36368faef7527875d5ffa52e53cd48021741f2a83eb6208a8dd64068d422a913"
url = "https://github.com/oven-sh/bun/releases/download/bun-v1.4.2/bun-linux-x64.zip"

[tools.bun."platforms.linux-x64-baseline"]
checksum = "sha256:c678040f14fe0440eb839d37cbd0ce4c051a32da72806ac97de6a6aab6bf728f"
url = "https://github.com/oven-sh/bun/releases/download/bun-v1.4.2/bun-linux-x64-baseline.zip"

[tools.bun."platforms.linux-x64-musl"]
checksum = "sha256:4835eca59d6da70f4674f5642f6e459dcadab773695b2ed9922d131057989742"
url = "https://github.com/oven-sh/bun/releases/download/bun-v1.4.2/bun-linux-x64-musl.zip"

[tools.bun."platforms.linux-x64-musl-baseline"]
checksum = "sha256:76e1db84e98f22f78de0a87e309bfbbf297732847f9720db36750646c85c8c18"
url = "https://github.com/oven-sh/bun/releases/download/bun-v1.4.2/bun-linux-x64-musl-baseline.zip"

[tools.bun."platforms.macos-arm64"]
checksum = "sha256:90987a3a16d7db556d886ac3d551e7b6d3edf0a1cf43acaed622e8676be1d12f"
url = "https://github.com/oven-sh/bun/releases/download/bun-v1.4.2/bun-darwin-aarch64.zip"

[tools.bun."platforms.macos-x64"]
checksum = "sha256:80520d7e17526308c9185d261679ac6d27798d3803a0e9f7ff9121ab8affb012"
url = "https://github.com/oven-sh/bun/releases/download/bun-v1.4.2/bun-darwin-x64.zip"

[tools.bun."platforms.macos-x64-baseline"]
checksum = "sha256:bad5bbd6cf14d0980d115f5954c9ff904df619d5e994d2da1ffccd3f316300b0"
url = "https://github.com/oven-sh/bun/releases/download/bun-v1.4.2/bun-darwin-x64-baseline.zip"

[[tools."cargo:cargo-edit"]]
version = "0.13.13"
backend = "cargo:cargo-edit"
specifiers = ["0.13.13"]

[[tools."github:Boshen/cargo-shear"]]
version = "1.13.4"
backend = "github:Boshen/cargo-shear"
specifiers = ["1.13.4"]

[tools."github:Boshen/cargo-shear"."platforms.linux-arm64"]
checksum = "sha256:fadb98dc4f467bb62223d33b7f7b25b219f7df12d34d1a6d7b9486bd8d5c9584"
url = "https://github.com/Boshen/cargo-shear/releases/download/v1.13.4/cargo-shear-aarch64-unknown-linux-gnu.tar.gz"
url_api = "https://api.github.com/repos/Boshen/cargo-shear/releases/assets/510342716"
provenance = "github-attestations"

[tools."github:Boshen/cargo-shear"."platforms.linux-x64"]
checksum = "sha256:b52ad836fb99fb3881862d71bd965b9937b55da363f775d71d846244e580a50c"
url = "https://github.com/Boshen/cargo-shear/releases/download/v1.13.4/cargo-shear-x86_64-unknown-linux-gnu.tar.gz"
url_api = "https://api.github.com/repos/Boshen/cargo-shear/releases/assets/510342738"
provenance = "github-attestations"
provenance_verified = true

[tools."github:Boshen/cargo-shear"."platforms.macos-arm64"]
checksum = "sha256:bcc3d2f1a7a1efb77335664d5f1f9ee51f902123f40fb47d919cc6fd6fce90e6"
url = "https://github.com/Boshen/cargo-shear/releases/download/v1.13.4/cargo-shear-aarch64-apple-darwin.tar.gz"
url_api = "https://api.github.com/repos/Boshen/cargo-shear/releases/assets/510342717"
provenance = "github-attestations"

[tools."github:Boshen/cargo-shear"."platforms.macos-x64"]
checksum = "sha256:1a81e2b597dd605f4b44463240c6b04cbd8a6c3943a0ca35fe99294880272205"
url = "https://github.com/Boshen/cargo-shear/releases/download/v1.13.4/cargo-shear-x86_64-apple-darwin.tar.gz"
url_api = "https://api.github.com/repos/Boshen/cargo-shear/releases/assets/510342729"
provenance = "github-attestations"

[[tools."github:astral-sh/hawk"]]
version = "0.1.14"
backend = "github:astral-sh/hawk"
specifiers = ["0.1.14"]

[tools."github:astral-sh/hawk"."platforms.linux-arm64"]
checksum = "sha256:2a36ed6244a7b646ada0c7e9bc90cbc1757f17cc4af6675ecb32eec29d7dde23"
url = "https://github.com/astral-sh/hawk/releases/download/0.1.14/cargo-hawk-aarch64-unknown-linux-gnu.tar.gz"
url_api = "https://api.github.com/repos/astral-sh/hawk/releases/assets/544384043"
provenance = "github-attestations"

[tools."github:astral-sh/hawk"."platforms.linux-x64"]
checksum = "sha256:6cc8b57e0d91edbdf70388254c73e2dcf7653929d83081e47dc2a6d6c85b0369"
url = "https://github.com/astral-sh/hawk/releases/download/0.1.14/cargo-hawk-x86_64-unknown-linux-gnu.tar.gz"
url_api = "https://api.github.com/repos/astral-sh/hawk/releases/assets/544384072"
provenance = "github-attestations"
provenance_verified = true

[tools."github:astral-sh/hawk"."platforms.macos-arm64"]
checksum = "sha256:a1379620245ba56d53bca3727f57b1db959b6085b4a64dc42a56f12367fd64c6"
url = "https://github.com/astral-sh/hawk/releases/download/0.1.14/cargo-hawk-aarch64-apple-darwin.tar.gz"
url_api = "https://api.github.com/repos/astral-sh/hawk/releases/assets/544384048"
provenance = "github-attestations"

[tools."github:astral-sh/hawk"."platforms.macos-x64"]
checksum = "sha256:73483c42cb80b880d3a407201216aa90df8808546f90ab1cdbe5cd678d891cda"
url = "https://github.com/astral-sh/hawk/releases/download/0.1.14/cargo-hawk-x86_64-apple-darwin.tar.gz"
url_api = "https://api.github.com/repos/astral-sh/hawk/releases/assets/544384063"
provenance = "github-attestations"

[[tools."github:iqtree/iqtree3"]]
version = "3.1.4"
backend = "github:iqtree/iqtree3"
specifiers = ["3.1.4"]

[tools."github:iqtree/iqtree3".options]
asset_pattern = "iqtree-{version}-Linux-intel.tar.gz"

[tools."github:iqtree/iqtree3"."platforms.linux-arm64"]
checksum = "sha256:d422cb2b8f04825faea753afda25c60de6611537d07ec8fcd0033e70cb042839"
url = "https://github.com/iqtree/iqtree3/releases/download/v3.1.4/iqtree-3.1.4-Linux-intel.tar.gz"
url_api = "https://api.github.com/repos/iqtree/iqtree3/releases/assets/554591940"

[tools."github:iqtree/iqtree3"."platforms.linux-x64"]
checksum = "sha256:d422cb2b8f04825faea753afda25c60de6611537d07ec8fcd0033e70cb042839"
url = "https://github.com/iqtree/iqtree3/releases/download/v3.1.4/iqtree-3.1.4-Linux-intel.tar.gz"
url_api = "https://api.github.com/repos/iqtree/iqtree3/releases/assets/554591940"

[tools."github:iqtree/iqtree3"."platforms.macos-arm64"]
checksum = "sha256:d422cb2b8f04825faea753afda25c60de6611537d07ec8fcd0033e70cb042839"
url = "https://github.com/iqtree/iqtree3/releases/download/v3.1.4/iqtree-3.1.4-Linux-intel.tar.gz"
url_api = "https://api.github.com/repos/iqtree/iqtree3/releases/assets/554591940"

[tools."github:iqtree/iqtree3"."platforms.macos-x64"]
checksum = "sha256:d422cb2b8f04825faea753afda25c60de6611537d07ec8fcd0033e70cb042839"
url = "https://github.com/iqtree/iqtree3/releases/download/v3.1.4/iqtree-3.1.4-Linux-intel.tar.gz"
url_api = "https://api.github.com/repos/iqtree/iqtree3/releases/assets/554591940"

[[tools."github:kucherenko/jscpd"]]
version = "5.2.1"
backend = "github:kucherenko/jscpd"
specifiers = ["5.2.1"]

[tools."github:kucherenko/jscpd"."platforms.linux-arm64"]
checksum = "sha256:35beb27a3bde88fcc0bd5173238b0f6ebdfed95cf0e692c29d3599ed7d3d3153"
url = "https://github.com/kucherenko/jscpd/releases/download/v5.2.1/jscpd-linux-arm64-gnu.tar.gz"
url_api = "https://api.github.com/repos/kucherenko/jscpd/releases/assets/565085639"
provenance = "github-attestations"

[tools."github:kucherenko/jscpd"."platforms.linux-x64"]
checksum = "sha256:1030dfff5e4b0525f4804c12e49cdce40a8140935f9453b312fdb9da45eac743"
url = "https://github.com/kucherenko/jscpd/releases/download/v5.2.1/jscpd-linux-x64-gnu.tar.gz"
url_api = "https://api.github.com/repos/kucherenko/jscpd/releases/assets/565085641"
provenance = "github-attestations"
provenance_verified = true

[tools."github:kucherenko/jscpd"."platforms.macos-arm64"]
checksum = "sha256:0b166a710f62a674fa0d81850e1f005069e05d8b1170e8ffed36baa0305f5340"
url = "https://github.com/kucherenko/jscpd/releases/download/v5.2.1/jscpd-darwin-arm64.tar.gz"
url_api = "https://api.github.com/repos/kucherenko/jscpd/releases/assets/565085640"
provenance = "github-attestations"

[tools."github:kucherenko/jscpd"."platforms.macos-x64"]
checksum = "sha256:c9a28525e986029c062b8ef5e0c872b11eb4934d545cab13b2ff6fa942caa702"
url = "https://github.com/kucherenko/jscpd/releases/download/v5.2.1/jscpd-darwin-x64.tar.gz"
url_api = "https://api.github.com/repos/kucherenko/jscpd/releases/assets/565085643"
provenance = "github-attestations"

[[tools."github:kunobi-ninja/kache"]]
version = "0.13.0"
backend = "github:kunobi-ninja/kache"
specifiers = ["0.13.0"]

[tools."github:kunobi-ninja/kache"."platforms.linux-arm64"]
checksum = "sha256:b61de3de6a9abb21a375fa9c6513d47bb8cf7391f4eeb24c5be2972738b83ce3"
url = "https://github.com/kunobi-ninja/kache/releases/download/v0.13.0/kache-aarch64-unknown-linux-musl.tar.gz"
url_api = "https://api.github.com/repos/kunobi-ninja/kache/releases/assets/501571398"
provenance = "github-attestations"

[tools."github:kunobi-ninja/kache"."platforms.linux-x64"]
checksum = "sha256:30aeded4dc6e620c400aa3aaf7ab163dc95c703a0f3ddb4d0ba56c51f23f0bd0"
url = "https://github.com/kunobi-ninja/kache/releases/download/v0.13.0/kache-x86_64-unknown-linux-musl.tar.gz"
url_api = "https://api.github.com/repos/kunobi-ninja/kache/releases/assets/501571420"
provenance = "github-attestations"
provenance_verified = true

[tools."github:kunobi-ninja/kache"."platforms.macos-arm64"]
checksum = "sha256:f3f4d7cfece20d251f8740dae224777d096a5ed2b1608b1cae996e98f6018a31"
url = "https://github.com/kunobi-ninja/kache/releases/download/v0.13.0/kache-aarch64-apple-darwin.tar.gz"
url_api = "https://api.github.com/repos/kunobi-ninja/kache/releases/assets/501571381"
provenance = "github-attestations"

[tools."github:kunobi-ninja/kache"."platforms.macos-x64"]
checksum = "sha256:c1a51d039d834f6aadbac1a166b9544d5320b3ca8cb048520f45c7d67aac1bb5"
url = "https://github.com/kunobi-ninja/kache/releases/download/v0.13.0/kache-x86_64-apple-darwin.tar.gz"
url_api = "https://api.github.com/repos/kunobi-ninja/kache/releases/assets/501571403"
provenance = "github-attestations"

[[tools."github:shenwei356/seqkit"]]
version = "2.13.0"
backend = "github:shenwei356/seqkit"
specifiers = ["2.13.0"]

[tools."github:shenwei356/seqkit"."platforms.linux-arm64"]
checksum = "sha256:2bce55ea352ceab56a428b2d6e06e6565485a446c17dc17cadb5dc28ab7a9cdc"
url = "https://github.com/shenwei356/seqkit/releases/download/v2.13.0/seqkit_linux_arm64.tar.gz"
url_api = "https://api.github.com/repos/shenwei356/seqkit/releases/assets/363482539"

[tools."github:shenwei356/seqkit"."platforms.linux-x64"]
checksum = "sha256:7d686de448464fada1b1988e2e07d693bec68768312da62846bc0e2b502bfc46"
url = "https://github.com/shenwei356/seqkit/releases/download/v2.13.0/seqkit_linux_amd64.tar.gz"
url_api = "https://api.github.com/repos/shenwei356/seqkit/releases/assets/363482080"

[tools."github:shenwei356/seqkit"."platforms.macos-arm64"]
checksum = "sha256:c36d68cfe4d8796c017a136a625b4706b4f7dc2664f1a555e4b4ced4ee394a28"
url = "https://github.com/shenwei356/seqkit/releases/download/v2.13.0/seqkit_darwin_arm64.tar.gz"
url_api = "https://api.github.com/repos/shenwei356/seqkit/releases/assets/363481107"

[tools."github:shenwei356/seqkit"."platforms.macos-x64"]
checksum = "sha256:7db4264a1a49d9ad7cc6d02f572c8573469d6f91881da2a2420b7f5426d63951"
url = "https://github.com/shenwei356/seqkit/releases/download/v2.13.0/seqkit_darwin_amd64.tar.gz"
url_api = "https://api.github.com/repos/shenwei356/seqkit/releases/assets/363480734"

[[tools."github:sourcefrog/cargo-mutants"]]
version = "27.1.0"
backend = "github:sourcefrog/cargo-mutants"
specifiers = ["27.1.0"]

[tools."github:sourcefrog/cargo-mutants"."platforms.linux-x64"]
checksum = "sha256:dfe6dc37d0342c891d2829b5a695aa57c2d0edecef7e7d0399a30cc6e206411e"
url = "https://github.com/sourcefrog/cargo-mutants/releases/download/v27.1.0/cargo-mutants-x86_64-unknown-linux-gnu.tar.gz"
url_api = "https://api.github.com/repos/sourcefrog/cargo-mutants/releases/assets/436335520"

[tools."github:sourcefrog/cargo-mutants"."platforms.macos-x64"]
checksum = "sha256:7109a9e9673fe0b977f622e6f32383b6d1cbbf3fbb63b7c30db3267462c74670"
url = "https://github.com/sourcefrog/cargo-mutants/releases/download/v27.1.0/cargo-mutants-x86_64-apple-darwin.tar.gz"
url_api = "https://api.github.com/repos/sourcefrog/cargo-mutants/releases/assets/436336082"

[[tools."github:trailofbits/dylint"]]
version = "6.0.4"
backend = "github:trailofbits/dylint"
specifiers = ["6.0.4"]

[tools."github:trailofbits/dylint".options]
asset_pattern = "cargo-dylint-x86_64-unknown-linux-gnu-v{version}.tar.gz"

[tools."github:trailofbits/dylint"."platforms.linux-arm64"]
checksum = "sha256:14195423ac6bfe6b055ffa94e0c48e282e1f5997abd98dfb4ea8bdf4633aec5c"
url = "https://github.com/trailofbits/dylint/releases/download/v6.0.4/cargo-dylint-x86_64-unknown-linux-gnu-v6.0.4.tar.gz"
url_api = "https://api.github.com/repos/trailofbits/dylint/releases/assets/514601051"
provenance = "github-attestations"

[tools."github:trailofbits/dylint"."platforms.linux-x64"]
checksum = "sha256:14195423ac6bfe6b055ffa94e0c48e282e1f5997abd98dfb4ea8bdf4633aec5c"
url = "https://github.com/trailofbits/dylint/releases/download/v6.0.4/cargo-dylint-x86_64-unknown-linux-gnu-v6.0.4.tar.gz"
url_api = "https://api.github.com/repos/trailofbits/dylint/releases/assets/514601051"
provenance = "github-attestations"
provenance_verified = true

[tools."github:trailofbits/dylint"."platforms.macos-arm64"]
checksum = "sha256:14195423ac6bfe6b055ffa94e0c48e282e1f5997abd98dfb4ea8bdf4633aec5c"
url = "https://github.com/trailofbits/dylint/releases/download/v6.0.4/cargo-dylint-x86_64-unknown-linux-gnu-v6.0.4.tar.gz"
url_api = "https://api.github.com/repos/trailofbits/dylint/releases/assets/514601051"
provenance = "github-attestations"

[tools."github:trailofbits/dylint"."platforms.macos-x64"]
checksum = "sha256:14195423ac6bfe6b055ffa94e0c48e282e1f5997abd98dfb4ea8bdf4633aec5c"
url = "https://github.com/trailofbits/dylint/releases/download/v6.0.4/cargo-dylint-x86_64-unknown-linux-gnu-v6.0.4.tar.gz"
url_api = "https://api.github.com/repos/trailofbits/dylint/releases/assets/514601051"
provenance = "github-attestations"

[[tools.hadolint]]
version = "2.15.1"
backend = "aqua:hadolint/hadolint"
specifiers = ["2.15.1"]

[tools.hadolint."platforms.linux-arm64"]
checksum = "sha256:f6198ef8090f404dbb771abfee086eb8c48ac177f30da7fd3510aca35b344b5d"
url = "https://github.com/hadolint/hadolint/releases/download/v2.15.1/hadolint-linux-arm64"
url_api = "https://api.github.com/repos/hadolint/hadolint/releases/assets/496546507"
provenance = "github-attestations"

[tools.hadolint."platforms.linux-x64"]
checksum = "sha256:c7187db94eeeeca956519a6af171adc31453941a1e777961f6e680f697c8c507"
url = "https://github.com/hadolint/hadolint/releases/download/v2.15.1/hadolint-linux-x86_64"
url_api = "https://api.github.com/repos/hadolint/hadolint/releases/assets/496546506"
provenance = "github-attestations"

[tools.hadolint."platforms.macos-arm64"]
checksum = "sha256:5c09f3213f8e40406abe048233d985eebef336d4a6a20021be47fadb6cf480a2"
url = "https://github.com/hadolint/hadolint/releases/download/v2.15.1/hadolint-macos-arm64"
url_api = "https://api.github.com/repos/hadolint/hadolint/releases/assets/496546505"
provenance = "github-attestations"

[tools.hadolint."platforms.macos-x64"]
checksum = "sha256:ffe9bb18b23d5ed1eae50237aecdbb523d016e96da0bd4e7aa432040acfc3fde"
url = "https://github.com/hadolint/hadolint/releases/download/v2.15.1/hadolint-macos-x86_64"
url_api = "https://api.github.com/repos/hadolint/hadolint/releases/assets/496546509"
provenance = "github-attestations"

[[tools."http:dylint-link"]]
version = "6.0.4"
backend = "http:dylint-link"
specifiers = ["6.0.4"]

[tools."http:dylint-link"."platforms.linux-arm64"]
checksum = "sha256:54ce515583ade02b197bc11f6870fd755c30e04b7e44ea015a507726de05fa1d"
url = "https://github.com/trailofbits/dylint/releases/download/v6.0.4/dylint-link-x86_64-unknown-linux-gnu-v6.0.4.tar.gz"

[tools."http:dylint-link"."platforms.linux-x64"]
checksum = "sha256:54ce515583ade02b197bc11f6870fd755c30e04b7e44ea015a507726de05fa1d"
url = "https://github.com/trailofbits/dylint/releases/download/v6.0.4/dylint-link-x86_64-unknown-linux-gnu-v6.0.4.tar.gz"

[tools."http:dylint-link"."platforms.macos-arm64"]
checksum = "sha256:54ce515583ade02b197bc11f6870fd755c30e04b7e44ea015a507726de05fa1d"
url = "https://github.com/trailofbits/dylint/releases/download/v6.0.4/dylint-link-x86_64-unknown-linux-gnu-v6.0.4.tar.gz"

[tools."http:dylint-link"."platforms.macos-x64"]
checksum = "sha256:54ce515583ade02b197bc11f6870fd755c30e04b7e44ea015a507726de05fa1d"
url = "https://github.com/trailofbits/dylint/releases/download/v6.0.4/dylint-link-x86_64-unknown-linux-gnu-v6.0.4.tar.gz"

[[tools.hyperfine]]
version = "1.20.0"
backend = "aqua:sharkdp/hyperfine"
specifiers = ["1.20.0"]

[tools.hyperfine."platforms.linux-arm64"]
checksum = "sha256:90875cb1db7a1d797c311174d061728361e58fc70e3b62262a00635ac3b1997c"
url = "https://github.com/sharkdp/hyperfine/releases/download/v1.20.0/hyperfine-v1.20.0-aarch64-unknown-linux-gnu.tar.gz"
url_api = "https://api.github.com/repos/sharkdp/hyperfine/releases/assets/317832112"

[tools.hyperfine."platforms.linux-x64"]
checksum = "sha256:63ad53934062118f5b0be11785e0bb1603d4b91667d1921f2fd8df9a8712040a"
url = "https://github.com/sharkdp/hyperfine/releases/download/v1.20.0/hyperfine-v1.20.0-x86_64-unknown-linux-gnu.tar.gz"
url_api = "https://api.github.com/repos/sharkdp/hyperfine/releases/assets/317831911"

[tools.hyperfine."platforms.macos-arm64"]
checksum = "sha256:f58d0b90993fadfa122a351428c469ce24afef3865f027f0e6e86f0830d088f1"
url = "https://github.com/sharkdp/hyperfine/releases/download/v1.20.0/hyperfine-v1.20.0-x86_64-apple-darwin.tar.gz"
url_api = "https://api.github.com/repos/sharkdp/hyperfine/releases/assets/317832526"

[tools.hyperfine."platforms.macos-x64"]
checksum = "sha256:f58d0b90993fadfa122a351428c469ce24afef3865f027f0e6e86f0830d088f1"
url = "https://github.com/sharkdp/hyperfine/releases/download/v1.20.0/hyperfine-v1.20.0-x86_64-apple-darwin.tar.gz"
url_api = "https://api.github.com/repos/sharkdp/hyperfine/releases/assets/317832526"

[[tools.jq]]
version = "1.8.2"
backend = "aqua:jqlang/jq"
specifiers = ["1.8.2"]

[tools.jq."platforms.linux-arm64"]
checksum = "sha256:8b85c817833814ddca00a144c33705546355afccf0cf39b188f3cdb48b852309"
url = "https://github.com/jqlang/jq/releases/download/jq-1.8.2/jq-linux-arm64"
url_api = "https://api.github.com/repos/jqlang/jq/releases/assets/453012756"
provenance = "github-attestations"

[tools.jq."platforms.linux-x64"]
checksum = "sha256:b1c22172dd303f3be49e935aa56aa48a8b7a46e0bc838b4997d3bb451495870f"
url = "https://github.com/jqlang/jq/releases/download/jq-1.8.2/jq-linux-amd64"
url_api = "https://api.github.com/repos/jqlang/jq/releases/assets/453012752"
provenance = "github-attestations"

[tools.jq."platforms.macos-arm64"]
checksum = "sha256:2d75340ba57a4b4b4c8708a21c2dc8e958a48aaa8bba13b27f77f6e4c0eca07e"
url = "https://github.com/jqlang/jq/releases/download/jq-1.8.2/jq-macos-arm64"
url_api = "https://api.github.com/repos/jqlang/jq/releases/assets/453012783"
provenance = "github-attestations"

[tools.jq."platforms.macos-x64"]
checksum = "sha256:e94b266e3c26690550006abe63152b782280f4e14374accdf04cbde844f00bc0"
url = "https://github.com/jqlang/jq/releases/download/jq-1.8.2/jq-macos-amd64"
url_api = "https://api.github.com/repos/jqlang/jq/releases/assets/453012782"
provenance = "github-attestations"

[[tools.just]]
version = "1.58.0"
backend = "aqua:casey/just"
specifiers = ["1.58.0"]

[tools.just."platforms.linux-arm64"]
checksum = "sha256:748237128c4c40cbdabc65e841d05ceba13cc23a91eaba395495894c1d9764df"
url = "https://github.com/casey/just/releases/download/1.58.0/just-1.58.0-aarch64-unknown-linux-musl.tar.gz"
url_api = "https://api.github.com/repos/casey/just/releases/assets/500510099"

[tools.just."platforms.linux-x64"]
checksum = "sha256:4a5cc2f53e6f0f8c59092a6cc38291eb729d46a7dd95d3ae582008881b84931d"
url = "https://github.com/casey/just/releases/download/1.58.0/just-1.58.0-x86_64-unknown-linux-musl.tar.gz"
url_api = "https://api.github.com/repos/casey/just/releases/assets/500509978"

[tools.just."platforms.macos-arm64"]
checksum = "sha256:50ae3e996c974a0bf32ea7d10f495070df33f1b43e0616b2769e3d4821ed8f48"
url = "https://github.com/casey/just/releases/download/1.58.0/just-1.58.0-aarch64-apple-darwin.tar.gz"
url_api = "https://api.github.com/repos/casey/just/releases/assets/500509965"

[tools.just."platforms.macos-x64"]
checksum = "sha256:9a09cfef66aaa79da58203970103a0684307716caaabd3e9844cacc4dc0f4023"
url = "https://github.com/casey/just/releases/download/1.58.0/just-1.58.0-x86_64-apple-darwin.tar.gz"
url_api = "https://api.github.com/repos/casey/just/releases/assets/500510084"

[[tools.mold]]
version = "2.42.1"
backend = "aqua:rui314/mold"
specifiers = ["2.42.1"]

[tools.mold."platforms.linux-arm64"]
checksum = "sha256:16b025652d3d7456689e6025a77e1903bb2a15e7630877c26cc133f5df95b9c6"
url = "https://github.com/rui314/mold/releases/download/v2.42.1/mold-2.42.1-aarch64-linux.tar.gz"
url_api = "https://api.github.com/repos/rui314/mold/releases/assets/557035958"

[tools.mold."platforms.linux-x64"]
checksum = "sha256:6ff270c9bf07d2bec5c98aa324eb7c4daf6a1a4d815c05ff1708049616047855"
url = "https://github.com/rui314/mold/releases/download/v2.42.1/mold-2.42.1-x86_64-linux.tar.gz"
url_api = "https://api.github.com/repos/rui314/mold/releases/assets/557036001"

[[tools.node]]
version = "24.21.0"
backend = "core:node"
specifiers = ["24.21.0"]

[tools.node."platforms.linux-arm64"]
checksum = "sha256:724282c3b43aec998aa9527380465b45d229e021b58035f5f4f63095eabfe5d5"
url = "https://nodejs.org/dist/v24.21.0/node-v24.21.0-linux-arm64.tar.gz"

[tools.node."platforms.linux-x64"]
checksum = "sha256:6e1db87ef58b8819e5d5402eff1536491b18edd8eb7bee5ef7897876e88dc5ff"
url = "https://nodejs.org/dist/v24.21.0/node-v24.21.0-linux-x64.tar.gz"

[tools.node."platforms.macos-arm64"]
checksum = "sha256:bed7eea5325e1108f32ce5228ddd6a5f0f08a499ee42aa7442aea583702f6057"
url = "https://nodejs.org/dist/v24.21.0/node-v24.21.0-darwin-arm64.tar.gz"

[tools.node."platforms.macos-x64"]
checksum = "sha256:1462cb3b3046b815cf8ea436d3da450ec1a9f11dac7e5a46b0ada5305d7e8097"
url = "https://nodejs.org/dist/v24.21.0/node-v24.21.0-darwin-x64.tar.gz"

[[tools.protoc]]
version = "28.3"
backend = "aqua:protocolbuffers/protobuf/protoc"
specifiers = ["28.3"]

[tools.protoc."platforms.linux-arm64"]
url = "https://github.com/protocolbuffers/protobuf/releases/download/v28.3/protoc-28.3-linux-aarch_64.zip"
url_api = "https://api.github.com/repos/protocolbuffers/protobuf/releases/assets/201038275"

[tools.protoc."platforms.linux-x64"]
url = "https://github.com/protocolbuffers/protobuf/releases/download/v28.3/protoc-28.3-linux-x86_64.zip"
url_api = "https://api.github.com/repos/protocolbuffers/protobuf/releases/assets/201038278"

[tools.protoc."platforms.macos-arm64"]
url = "https://github.com/protocolbuffers/protobuf/releases/download/v28.3/protoc-28.3-osx-aarch_64.zip"
url_api = "https://api.github.com/repos/protocolbuffers/protobuf/releases/assets/201038280"

[tools.protoc."platforms.macos-x64"]
url = "https://github.com/protocolbuffers/protobuf/releases/download/v28.3/protoc-28.3-osx-x86_64.zip"
url_api = "https://api.github.com/repos/protocolbuffers/protobuf/releases/assets/201038282"

[[tools.ripgrep]]
version = "15.2.0"
backend = "aqua:BurntSushi/ripgrep"
specifiers = ["15.2.0"]

[tools.ripgrep."platforms.linux-arm64"]
checksum = "sha256:a740b91c82eaf9914cfedd353572f2791cbe0162c84101ee0951058f4dcbc90d"
url = "https://github.com/BurntSushi/ripgrep/releases/download/15.2.0/ripgrep-15.2.0-aarch64-unknown-linux-gnu.tar.gz"
url_api = "https://api.github.com/repos/BurntSushi/ripgrep/releases/assets/478119579"

[tools.ripgrep."platforms.linux-x64"]
checksum = "sha256:33e15bcf1624b25cdd2a55813a47a2f95dbe126268203e76aa6a585d1e7b149c"
url = "https://github.com/BurntSushi/ripgrep/releases/download/15.2.0/ripgrep-15.2.0-x86_64-unknown-linux-musl.tar.gz"
url_api = "https://api.github.com/repos/BurntSushi/ripgrep/releases/assets/478120097"

[tools.ripgrep."platforms.macos-arm64"]
checksum = "sha256:3750b2e93f37e0c692657da574d7019a101c0084da05a790c83fd335bad973e4"
url = "https://github.com/BurntSushi/ripgrep/releases/download/15.2.0/ripgrep-15.2.0-aarch64-apple-darwin.tar.gz"
url_api = "https://api.github.com/repos/BurntSushi/ripgrep/releases/assets/478118851"

[tools.ripgrep."platforms.macos-x64"]
checksum = "sha256:af7825fcc69a2afc7a7aea55fc9af90e26421d8f20fe59df32e233c0b8a231c1"
url = "https://github.com/BurntSushi/ripgrep/releases/download/15.2.0/ripgrep-15.2.0-x86_64-apple-darwin.tar.gz"
url_api = "https://api.github.com/repos/BurntSushi/ripgrep/releases/assets/478119585"

[[tools.shellcheck]]
version = "0.11.0"
backend = "aqua:koalaman/shellcheck"
specifiers = ["0.11.0"]

[tools.shellcheck."platforms.linux-arm64"]
checksum = "sha256:12b331c1d2db6b9eb13cfca64306b1b157a86eb69db83023e261eaa7e7c14588"
url = "https://github.com/koalaman/shellcheck/releases/download/v0.11.0/shellcheck-v0.11.0.linux.aarch64.tar.xz"
url_api = "https://api.github.com/repos/koalaman/shellcheck/releases/assets/279056934"

[tools.shellcheck."platforms.linux-x64"]
checksum = "sha256:8c3be12b05d5c177a04c29e3c78ce89ac86f1595681cab149b65b97c4e227198"
url = "https://github.com/koalaman/shellcheck/releases/download/v0.11.0/shellcheck-v0.11.0.linux.x86_64.tar.xz"
url_api = "https://api.github.com/repos/koalaman/shellcheck/releases/assets/279056942"

[tools.shellcheck."platforms.macos-arm64"]
checksum = "sha256:56affdd8de5527894dca6dc3d7e0a99a873b0f004d7aabc30ae407d3f48b0a79"
url = "https://github.com/koalaman/shellcheck/releases/download/v0.11.0/shellcheck-v0.11.0.darwin.aarch64.tar.xz"
url_api = "https://api.github.com/repos/koalaman/shellcheck/releases/assets/279056932"

[tools.shellcheck."platforms.macos-x64"]
checksum = "sha256:3c89db4edcab7cf1c27bff178882e0f6f27f7afdf54e859fa041fca10febe4c6"
url = "https://github.com/koalaman/shellcheck/releases/download/v0.11.0/shellcheck-v0.11.0.darwin.x86_64.tar.xz"
url_api = "https://api.github.com/repos/koalaman/shellcheck/releases/assets/279056930"

[[tools.shfmt]]
version = "3.14.1"
backend = "aqua:mvdan/sh"
specifiers = ["3.14.1"]

[tools.shfmt."platforms.linux-arm64"]
checksum = "sha256:5f2db09dae91fca848f7adbdd014632e921a383863a2ad7e0450ad3aba0c6489"
url = "https://github.com/mvdan/sh/releases/download/v3.14.1/shfmt_v3.14.1_linux_arm64"
url_api = "https://api.github.com/repos/mvdan/sh/releases/assets/547320869"

[tools.shfmt."platforms.linux-x64"]
checksum = "sha256:76e77641faa025814b77f153b29796b8e6fa2fca03e0c76a691608b86c7ea7bf"
url = "https://github.com/mvdan/sh/releases/download/v3.14.1/shfmt_v3.14.1_linux_amd64"
url_api = "https://api.github.com/repos/mvdan/sh/releases/assets/547320883"

[tools.shfmt."platforms.macos-arm64"]
checksum = "sha256:b7c872db63553ccffc7253aba3ed7d4885a27d83f1ba567b1138c6315a5847e5"
url = "https://github.com/mvdan/sh/releases/download/v3.14.1/shfmt_v3.14.1_darwin_arm64"
url_api = "https://api.github.com/repos/mvdan/sh/releases/assets/547320930"

[tools.shfmt."platforms.macos-x64"]
checksum = "sha256:d33eee0da0f92835b3562e9767a05cee7e4eaeef47daa03bfd09da17b4b590a6"
url = "https://github.com/mvdan/sh/releases/download/v3.14.1/shfmt_v3.14.1_darwin_amd64"
url_api = "https://api.github.com/repos/mvdan/sh/releases/assets/547320946"

[[tools.taplo]]
version = "0.10.0"
backend = "aqua:tamasfe/taplo"
specifiers = ["0.10.0"]

[tools.taplo."platforms.linux-arm64"]
url = "https://github.com/tamasfe/taplo/releases/download/0.10.0/taplo-linux-aarch64.gz"
url_api = "https://api.github.com/repos/tamasfe/taplo/releases/assets/257322597"

[tools.taplo."platforms.linux-x64"]
url = "https://github.com/tamasfe/taplo/releases/download/0.10.0/taplo-linux-x86_64.gz"
url_api = "https://api.github.com/repos/tamasfe/taplo/releases/assets/257322600"

[tools.taplo."platforms.macos-arm64"]
url = "https://github.com/tamasfe/taplo/releases/download/0.10.0/taplo-darwin-aarch64.gz"
url_api = "https://api.github.com/repos/tamasfe/taplo/releases/assets/257323110"

[tools.taplo."platforms.macos-x64"]
url = "https://github.com/tamasfe/taplo/releases/download/0.10.0/taplo-darwin-x86_64.gz"
url_api = "https://api.github.com/repos/tamasfe/taplo/releases/assets/257323116"

[[tools.watchexec]]
version = "2.7.3"
backend = "aqua:watchexec/watchexec"
specifiers = ["2.7.3"]

[tools.watchexec."platforms.linux-arm64"]
checksum = "sha256:02b3e2beddf96fef5fb2b88849902e3cf9e96da87968bdfb7a488700d64142cc"
url = "https://github.com/watchexec/watchexec/releases/download/v2.7.3/watchexec-2.7.3-aarch64-unknown-linux-gnu.tar.xz"
url_api = "https://api.github.com/repos/watchexec/watchexec/releases/assets/565495662"

[tools.watchexec."platforms.linux-x64"]
checksum = "sha256:8ace3a1d2e752d189f28b6766311d58f155ab977fae66aba60b111ec8aec2f64"
url = "https://github.com/watchexec/watchexec/releases/download/v2.7.3/watchexec-2.7.3-x86_64-unknown-linux-gnu.tar.xz"
url_api = "https://api.github.com/repos/watchexec/watchexec/releases/assets/565495660"

[tools.watchexec."platforms.macos-arm64"]
checksum = "sha256:bb2a3acc02de5c64f87779fc0226274d47d79026c6df969c8c1034a110b2efad"
url = "https://github.com/watchexec/watchexec/releases/download/v2.7.3/watchexec-2.7.3-aarch64-apple-darwin.tar.xz"
url_api = "https://api.github.com/repos/watchexec/watchexec/releases/assets/565495664"

[tools.watchexec."platforms.macos-x64"]
checksum = "sha256:ddca28bbd6b219a14ffec4893d56dad2e29cfc8b3e47f49e275706c9af20b4c2"
url = "https://github.com/watchexec/watchexec/releases/download/v2.7.3/watchexec-2.7.3-x86_64-apple-darwin.tar.xz"
url_api = "https://api.github.com/repos/watchexec/watchexec/releases/assets/565495778"

[[tools.yq]]
version = "4.53.6"
backend = "aqua:mikefarah/yq"
specifiers = ["4.53.6"]

[tools.yq."platforms.linux-arm64"]
checksum = "sha256:88a1016bc1d657375a35864e4f44b6f333df8ff97b559f51bba0adcb2169df09"
url = "https://github.com/mikefarah/yq/releases/download/v4.53.6/yq_linux_arm64"
url_api = "https://api.github.com/repos/mikefarah/yq/releases/assets/522028007"
provenance = "cosign"

[tools.yq."platforms.linux-x64"]
checksum = "sha256:c5f056448f973ae7d39b5401949648a78f2dc1947d6a8eb65be60d5c504b9385"
url = "https://github.com/mikefarah/yq/releases/download/v4.53.6/yq_linux_amd64"
url_api = "https://api.github.com/repos/mikefarah/yq/releases/assets/522028022"
provenance = "cosign"

[tools.yq."platforms.macos-arm64"]
checksum = "sha256:cceb0b8d71ea5294334121f8429f33f92b920e7217d904a2f9f35443968ac424"
url = "https://github.com/mikefarah/yq/releases/download/v4.53.6/yq_darwin_arm64"
url_api = "https://api.github.com/repos/mikefarah/yq/releases/assets/522028033"
provenance = "cosign"

[tools.yq."platforms.macos-x64"]
checksum = "sha256:caa513cb04f3804b34d4752f0e0d7904fecb9e7cf1d34081289f83259319a7f6"
url = "https://github.com/mikefarah/yq/releases/download/v4.53.6/yq_darwin_amd64"
url_api = "https://api.github.com/repos/mikefarah/yq/releases/assets/522028031"
provenance = "cosign"
